
Microsoft Visual Studio Solution File, Format Version 12.00
# Visual Studio 15
VisualStudioVersion = 15.0.28307.852
MinimumVisualStudioVersion = 10.0.40219.1
Project("{FAE04EC0-301F-11D3-BF4B-00C04F79EFBC}") = "ConsolePractice", "ConsolePractice\ConsolePractice.csproj", "{242FA225-9238-4889-B679-654C34E266FD}"
EndProject
Global
	GlobalSection(SolutionConfigurationPlatforms) = preSolution
		Debug|Any CPU = Debug|Any CPU
		Release|Any CPU = Release|Any CPU
	EndGlobalSection
	GlobalSection(ProjectConfigurationPlatforms) = postSolution
		{242FA225-9238-4889-B679-654C34E266FD}.Debug|Any CPU.ActiveCfg = Debug|Any CPU
		{242FA225-9238-4889-B679-654C34E266FD}.Debug|Any CPU.Build.0 = Debug|Any CPU
		{242FA225-9238-4889-B679-654C34E266FD}.Release|Any CPU.ActiveCfg = Release|Any CPU
		{242FA225-9238-4889-B679-654C34E266FD}.Release|Any CPU.Build.0 = Release|Any CPU
	EndGlobalSection
	GlobalSection(SolutionProperties) = preSolution
		HideSolutionNode = FALSE
	EndGlobalSection
	GlobalSection(ExtensibilityGlobals) = postSolution
		SolutionGuid = {FB443A9E-1EE9-4CD5-AF74-1067364D5358}
	EndGlobalSection
EndGlobal
